
Microsoft Visual Studio Solution File, Format Version 12.00
# Visual Studio 15
VisualStudioVersion = 15.0.28307.1169
MinimumVisualStudioVersion = 10.0.40219.1
Project("{FAE04EC0-301F-11D3-BF4B-00C04F79EFBC}") = "Lesson1_Task5", "Lesson1_Task5\Lesson1_Task5.csproj", "{56393986-58D1-465E-91F1-09691B13AAD4}"
EndProject
Global
	GlobalSection(SolutionConfigurationPlatforms) = preSolution
		Debug|Any CPU = Debug|Any CPU
		Release|Any CPU = Release|Any CPU
	EndGlobalSection
	GlobalSection(ProjectConfigurationPlatforms) = postSolution
		{56393986-58D1-465E-91F1-09691B13AAD4}.Debug|Any CPU.ActiveCfg = Debug|Any CPU
		{56393986-58D1-465E-91F1-09691B13AAD4}.Debug|Any CPU.Build.0 = Debug|Any CPU
		{56393986-58D1-465E-91F1-09691B13AAD4}.Release|Any CPU.ActiveCfg = Release|Any CPU
		{56393986-58D1-465E-91F1-09691B13AAD4}.Release|Any CPU.Build.0 = Release|Any CPU
	EndGlobalSection
	GlobalSection(SolutionProperties) = preSolution
		HideSolutionNode = FALSE
	EndGlobalSection
	GlobalSection(ExtensibilityGlobals) = postSolution
		SolutionGuid = {3F92B25B-2AAE-4EA9-9BE3-245B91D3A449}
	EndGlobalSection
EndGlobal
